
Microsoft Visual Studio Solution File, Format Version 12.00
# Visual Studio Version 16
VisualStudioVersion = 16.0.30621.155
MinimumVisualStudioVersion = 10.0.40219.1
Project("{FAE04EC0-301F-11D3-BF4B-00C04F79EFBC}") = "Hero.WebApp", "Hero.WebApp\Hero.WebApp.csproj", "{AEAFFD7C-8D5D-4B2F-B015-21C61844D937}"
EndProject
Global
	GlobalSection(SolutionConfigurationPlatforms) = preSolution
		Debug|Any CPU = Debug|Any CPU
		Release|Any CPU = Release|Any CPU
	EndGlobalSection
	GlobalSection(ProjectConfigurationPlatforms) = postSolution
		{AEAFFD7C-8D5D-4B2F-B015-21C61844D937}.Debug|Any CPU.ActiveCfg = Debug|Any CPU
		{AEAFFD7C-8D5D-4B2F-B015-21C61844D937}.Debug|Any CPU.Build.0 = Debug|Any CPU
		{AEAFFD7C-8D5D-4B2F-B015-21C61844D937}.Release|Any CPU.ActiveCfg = Release|Any CPU
		{AEAFFD7C-8D5D-4B2F-B015-21C61844D937}.Release|Any CPU.Build.0 = Release|Any CPU
	EndGlobalSection
	GlobalSection(SolutionProperties) = preSolution
		HideSolutionNode = FALSE
	EndGlobalSection
	GlobalSection(ExtensibilityGlobals) = postSolution
		SolutionGuid = {0B3EB817-3084-4068-9500-75C3FE288AD7}
	EndGlobalSection
EndGlobal
